
Microsoft Visual Studio Solution File, Format Version 12.00
# Visual Studio 14
VisualStudioVersion = 14.0.25420.1
MinimumVisualStudioVersion = 10.0.40219.1
Project("{2150E333-8FDC-42A3-9474-1A3956D46DE8}") = "Samples", "Samples", "{60995CDB-D125-4B16-A88F-70C7AE2C4C74}"
EndProject
Project("{FAE04EC0-301F-11D3-BF4B-00C04F79EFBC}") = "XFDrawSamples", "Samples\XFDrawSamples\XFDrawSamples.csproj", "{A752C32F-8044-48FD-A157-FF8BC3FA2B50}"
EndProject
Project("{FAE04EC0-301F-11D3-BF4B-00C04F79EFBC}") = "XFDrawSamples.Droid", "Samples\XFDrawSamples.Droid\XFDrawSamples.Droid.csproj", "{614C97E2-0C42-4C47-865A-F70A628C4CBE}"
EndProject
Project("{FAE04EC0-301F-11D3-BF4B-00C04F79EFBC}") = "XFDrawSamples.iOS", "Samples\XFDrawSamples.iOS\XFDrawSamples.iOS.csproj", "{E03BAF17-3058-44FA-BBFD-CC9A5693F7BD}"
EndProject
Project("{FAE04EC0-301F-11D3-BF4B-00C04F79EFBC}") = "XFDrawSamples.UWP", "Samples\XFDrawSamples.UWP\XFDrawSamples.UWP.csproj", "{054B61E1-62AB-459F-8834-D7D86D1B3551}"
EndProject
Project("{FAE04EC0-301F-11D3-BF4B-00C04F79EFBC}") = "XFDraw.Droid", "XFDraw.Droid\XFDraw.Droid.csproj", "{4F16DF7F-242C-41A7-AE70-6E20B627F4E0}"
EndProject
Project("{FAE04EC0-301F-11D3-BF4B-00C04F79EFBC}") = "XFDraw.iOS", "XFDraw.iOS\XFDraw.iOS.csproj", "{6ACD98BA-91DE-4A5C-BB3E-C15B405C8EC9}"
EndProject
Project("{FAE04EC0-301F-11D3-BF4B-00C04F79EFBC}") = "XFDraw", "XFDraw\XFDraw.csproj", "{AA5B144E-D159-4F59-B30F-3E8CC2E54839}"
EndProject
Project("{FAE04EC0-301F-11D3-BF4B-00C04F79EFBC}") = "XFDraw.UWP", "XFDraw.UWP\XFDraw.UWP.csproj", "{08419FBE-D5ED-4EBD-BF4B-6861923BA4DE}"
EndProject
Project("{FAE04EC0-301F-11D3-BF4B-00C04F79EFBC}") = "XFDraw.Controls", "XFDraw.Controls\XFDraw.Controls.csproj", "{67F9D3A8-F71E-4428-913F-C37AE82CDB24}"
EndProject
Global
	GlobalSection(SolutionConfigurationPlatforms) = preSolution
		Ad-Hoc|Any CPU = Ad-Hoc|Any CPU
		Ad-Hoc|ARM = Ad-Hoc|ARM
		Ad-Hoc|iPhone = Ad-Hoc|iPhone
		Ad-Hoc|iPhoneSimulator = Ad-Hoc|iPhoneSimulator
		Ad-Hoc|x64 = Ad-Hoc|x64
		Ad-Hoc|x86 = Ad-Hoc|x86
		AppStore|Any CPU = AppStore|Any CPU
		AppStore|ARM = AppStore|ARM
		AppStore|iPhone = AppStore|iPhone
		AppStore|iPhoneSimulator = AppStore|iPhoneSimulator
		AppStore|x64 = AppStore|x64
		AppStore|x86 = AppStore|x86
		Debug|Any CPU = Debug|Any CPU
		Debug|ARM = Debug|ARM
		Debug|iPhone = Debug|iPhone
		Debug|iPhoneSimulator = Debug|iPhoneSimulator
		Debug|x64 = Debug|x64
		Debug|x86 = Debug|x86
		Release|Any CPU = Release|Any CPU
		Release|ARM = Release|ARM
		Release|iPhone = Release|iPhone
		Release|iPhoneSimulator = Release|iPhoneSimulator
		Release|x64 = Release|x64
		Release|x86 = Release|x86
	EndGlobalSection
	GlobalSection(ProjectConfigurationPlatforms) = postSolution
		{A752C32F-8044-48FD-A157-FF8BC3FA2B50}.Ad-Hoc|Any CPU.ActiveCfg = Release|Any CPU
		{A752C32F-8044-48FD-A157-FF8BC3FA2B50}.Ad-Hoc|Any CPU.Build.0 = Release|Any CPU
		{A752C32F-8044-48FD-A157-FF8BC3FA2B50}.Ad-Hoc|ARM.ActiveCfg = Release|Any CPU
		{A752C32F-8044-48FD-A157-FF8BC3FA2B50}.Ad-Hoc|ARM.Build.0 = Release|Any CPU
		{A752C32F-8044-48FD-A157-FF8BC3FA2B50}.Ad-Hoc|iPhone.ActiveCfg = Release|Any CPU
		{A752C32F-8044-48FD-A157-FF8BC3FA2B50}.Ad-Hoc|iPhone.Build.0 = Release|Any CPU
		{A752C32F-8044-48FD-A157-FF8BC3FA2B50}.Ad-Hoc|iPhoneSimulator.ActiveCfg = Release|Any CPU
		{A752C32F-8044-48FD-A157-FF8BC3FA2B50}.Ad-Hoc|iPhoneSimulator.Build.0 = Release|Any CPU
		{A752C32F-8044-48FD-A157-FF8BC3FA2B50}.Ad-Hoc|x64.ActiveCfg = Release|Any CPU
		{A752C32F-8044-48FD-A157-FF8BC3FA2B50}.Ad-Hoc|x64.Build.0 = Release|Any CPU
		{A752C32F-8044-48FD-A157-FF8BC3FA2B50}.Ad-Hoc|x86.ActiveCfg = Release|Any CPU
		{A752C32F-8044-48FD-A157-FF8BC3FA2B50}.Ad-Hoc|x86.Build.0 = Release|Any CPU
		{A752C32F-8044-48FD-A157-FF8BC3FA2B50}.AppStore|Any CPU.ActiveCfg = Release|Any CPU
		{A752C32F-8044-48FD-A157-FF8BC3FA2B50}.AppStore|Any CPU.Build.0 = Release|Any CPU
		{A752C32F-8044-48FD-A157-FF8BC3FA2B50}.AppStore|ARM.ActiveCfg = Release|Any CPU
		{A752C32F-8044-48FD-A157-FF8BC3FA2B50}.AppStore|ARM.Build.0 = Release|Any CPU
		{A752C32F-8044-48FD-A157-FF8BC3FA2B50}.AppStore|iPhone.ActiveCfg = Release|Any CPU
		{A752C32F-8044-48FD-A157-FF8BC3FA2B50}.AppStore|iPhone.Build.0 = Release|Any CPU
		{A752C32F-8044-48FD-A157-FF8BC3FA2B50}.AppStore|iPhoneSimulator.ActiveCfg = Release|Any CPU
		{A752C32F-8044-48FD-A157-FF8BC3FA2B50}.AppStore|iPhoneSimulator.Build.0 = Release|Any CPU
		{A752C32F-8044-48FD-A157-FF8BC3FA2B50}.AppStore|x64.ActiveCfg = Release|Any CPU
		{A752C32F-8044-48FD-A157-FF8BC3FA2B50}.AppStore|x64.Build.0 = Release|Any CPU
		{A752C32F-8044-48FD-A157-FF8BC3FA2B50}.AppStore|x86.ActiveCfg = Release|Any CPU
		{A752C32F-8044-48FD-A157-FF8BC3FA2B50}.AppStore|x86.Build.0 = Release|Any CPU
		{A752C32F-8044-48FD-A157-FF8BC3FA2B50}.Debug|Any CPU.ActiveCfg = Debug|Any CPU
		{A752C32F-8044-48FD-A157-FF8BC3FA2B50}.Debug|Any CPU.Build.0 = Debug|Any CPU
		{A752C32F-8044-48FD-A157-FF8BC3FA2B50}.Debug|ARM.ActiveCfg = Debug|Any CPU
		{A752C32F-8044-48FD-A157-FF8BC3FA2B50}.Debug|ARM.Build.0 = Debug|Any CPU
		{A752C32F-8044-48FD-A157-FF8BC3FA2B50}.Debug|iPhone.ActiveCfg = Debug|Any CPU
		{A752C32F-8044-48FD-A157-FF8BC3FA2B50}.Debug|iPhone.Build.0 = Debug|Any CPU
		{A752C32F-8044-48FD-A157-FF8BC3FA2B50}.Debug|iPhoneSimulator.ActiveCfg = Debug|Any CPU
		{A752C32F-8044-48FD-A157-FF8BC3FA2B50}.Debug|iPhoneSimulator.Build.0 = Debug|Any CPU
		{A752C32F-8044-48FD-A157-FF8BC3FA2B50}.Debug|x64.ActiveCfg = Debug|Any CPU
		{A752C32F-8044-48FD-A157-FF8BC3FA2B50}.Debug|x64.Build.0 = Debug|Any CPU
		{A752C32F-8044-48FD-A157-FF8BC3FA2B50}.Debug|x86.ActiveCfg = Debug|Any CPU
		{A752C32F-8044-48FD-A157-FF8BC3FA2B50}.Debug|x86.Build.0 = Debug|Any CPU
		{A752C32F-8044-48FD-A157-FF8BC3FA2B50}.Release|Any CPU.ActiveCfg = Release|Any CPU
		{A752C32F-8044-48FD-A157-FF8BC3FA2B50}.Release|Any CPU.Build.0 = Release|Any CPU
		{A752C32F-8044-48FD-A157-FF8BC3FA2B50}.Release|ARM.ActiveCfg = Release|Any CPU
		{A752C32F-8044-48FD-A157-FF8BC3FA2B50}.Release|ARM.Build.0 = Release|Any CPU
		{A752C32F-8044-48FD-A157-FF8BC3FA2B50}.Release|iPhone.ActiveCfg = Release|Any CPU
		{A752C32F-8044-48FD-A157-FF8BC3FA2B50}.Release|iPhone.Build.0 = Release|Any CPU
		{A752C32F-8044-48FD-A157-FF8BC3FA2B50}.Release|iPhoneSimulator.ActiveCfg = Release|Any CPU
		{A752C32F-8044-48FD-A157-FF8BC3FA2B50}.Release|iPhoneSimulator.Build.0 = Release|Any CPU
		{A752C32F-8044-48FD-A157-FF8BC3FA2B50}.Release|x64.ActiveCfg = Release|Any CPU
		{A752C32F-8044-48FD-A157-FF8BC3FA2B50}.Release|x64.Build.0 = Release|Any CPU
		{A752C32F-8044-48FD-A157-FF8BC3FA2B50}.Release|x86.ActiveCfg = Release|Any CPU
		{A752C32F-8044-48FD-A157-FF8BC3FA2B50}.Release|x86.Build.0 = Release|Any CPU
		{614C97E2-0C42-4C47-865A-F70A628C4CBE}.Ad-Hoc|Any CPU.ActiveCfg = Release|Any CPU
		{614C97E2-0C42-4C47-865A-F70A628C4CBE}.Ad-Hoc|Any CPU.Build.0 = Release|Any CPU
		{614C97E2-0C42-4C47-865A-F70A628C4CBE}.Ad-Hoc|Any CPU.Deploy.0 = Release|Any CPU
		{614C97E2-0C42-4C47-865A-F70A628C4CBE}.Ad-Hoc|ARM.ActiveCfg = Release|Any CPU
		{614C97E2-0C42-4C47-865A-F70A628C4CBE}.Ad-Hoc|ARM.Build.0 = Release|Any CPU
		{614C97E2-0C42-4C47-865A-F70A628C4CBE}.Ad-Hoc|ARM.Deploy.0 = Release|Any CPU
		{614C97E2-0C42-4C47-865A-F70A628C4CBE}.Ad-Hoc|iPhone.ActiveCfg = Release|Any CPU
		{614C97E2-0C42-4C47-865A-F70A628C4CBE}.Ad-Hoc|iPhone.Build.0 = Release|Any CPU
		{614C97E2-0C42-4C47-865A-F70A628C4CBE}.Ad-Hoc|iPhone.Deploy.0 = Release|Any CPU
		{614C97E2-0C42-4C47-865A-F70A628C4CBE}.Ad-Hoc|iPhoneSimulator.ActiveCfg = Release|Any CPU
		{614C97E2-0C42-4C47-865A-F70A628C4CBE}.Ad-Hoc|iPhoneSimulator.Build.0 = Release|Any CPU
		{614C97E2-0C42-4C47-865A-F70A628C4CBE}.Ad-Hoc|iPhoneSimulator.Deploy.0 = Release|Any CPU
		{614C97E2-0C42-4C47-865A-F70A628C4CBE}.Ad-Hoc|x64.ActiveCfg = Release|Any CPU
		{614C97E2-0C42-4C47-865A-F70A628C4CBE}.Ad-Hoc|x64.Build.0 = Release|Any CPU
		{614C97E2-0C42-4C47-865A-F70A628C4CBE}.Ad-Hoc|x64.Deploy.0 = Release|Any CPU
		{614C97E2-0C42-4C47-865A-F70A628C4CBE}.Ad-Hoc|x86.ActiveCfg = Release|Any CPU
		{614C97E2-0C42-4C47-865A-F70A628C4CBE}.Ad-Hoc|x86.Build.0 = Release|Any CPU
		{614C97E2-0C42-4C47-865A-F70A628C4CBE}.Ad-Hoc|x86.Deploy.0 = Release|Any CPU
		{614C97E2-0C42-4C47-865A-F70A628C4CBE}.AppStore|Any CPU.ActiveCfg = Release|Any CPU
		{614C97E2-0C42-4C47-865A-F70A628C4CBE}.AppStore|Any CPU.Build.0 = Release|Any CPU
		{614C97E2-0C42-4C47-865A-F70A628C4CBE}.AppStore|Any CPU.Deploy.0 = Release|Any CPU
		{614C97E2-0C42-4C47-865A-F70A628C4CBE}.AppStore|ARM.ActiveCfg = Release|Any CPU
		{614C97E2-0C42-4C47-865A-F70A628C4CBE}.AppStore|ARM.Build.0 = Release|Any CPU
		{614C97E2-0C42-4C47-865A-F70A628C4CBE}.AppStore|ARM.Deploy.0 = Release|Any CPU
		{614C97E2-0C42-4C47-865A-F70A628C4CBE}.AppStore|iPhone.ActiveCfg = Release|Any CPU
		{614C97E2-0C42-4C47-865A-F70A628C4CBE}.AppStore|iPhone.Build.0 = Release|Any CPU
		{614C97E2-0C42-4C47-865A-F70A628C4CBE}.AppStore|iPhone.Deploy.0 = Release|Any CPU
		{614C97E2-0C42-4C47-865A-F70A628C4CBE}.AppStore|iPhoneSimulator.ActiveCfg = Release|Any CPU
		{614C97E2-0C42-4C47-865A-F70A628C4CBE}.AppStore|iPhoneSimulator.Build.0 = Release|Any CPU
		{614C97E2-0C42-4C47-865A-F70A628C4CBE}.AppStore|iPhoneSimulator.Deploy.0 = Release|Any CPU
		{614C97E2-0C42-4C47-865A-F70A628C4CBE}.AppStore|x64.ActiveCfg = Release|Any CPU
		{614C97E2-0C42-4C47-865A-F70A628C4CBE}.AppStore|x64.Build.0 = Release|Any CPU
		{614C97E2-0C42-4C47-865A-F70A628C4CBE}.AppStore|x64.Deploy.0 = Release|Any CPU
		{614C97E2-0C42-4C47-865A-F70A628C4CBE}.AppStore|x86.ActiveCfg = Release|Any CPU
		{614C97E2-0C42-4C47-865A-F70A628C4CBE}.AppStore|x86.Build.0 = Release|Any CPU
		{614C97E2-0C42-4C47-865A-F70A628C4CBE}.AppStore|x86.Deploy.0 = Release|Any CPU
		{614C97E2-0C42-4C47-865A-F70A628C4CBE}.Debug|Any CPU.ActiveCfg = Debug|Any CPU
		{614C97E2-0C42-4C47-865A-F70A628C4CBE}.Debug|Any CPU.Build.0 = Debug|Any CPU
		{614C97E2-0C42-4C47-865A-F70A628C4CBE}.Debug|Any CPU.Deploy.0 = Debug|Any CPU
		{614C97E2-0C42-4C47-865A-F70A628C4CBE}.Debug|ARM.ActiveCfg = Debug|Any CPU
		{614C97E2-0C42-4C47-865A-F70A628C4CBE}.Debug|ARM.Build.0 = Debug|Any CPU
		{614C97E2-0C42-4C47-865A-F70A628C4CBE}.Debug|ARM.Deploy.0 = Debug|Any CPU
		{614C97E2-0C42-4C47-865A-F70A628C4CBE}.Debug|iPhone.ActiveCfg = Debug|Any CPU
		{614C97E2-0C42-4C47-865A-F70A628C4CBE}.Debug|iPhone.Build.0 = Debug|Any CPU
		{614C97E2-0C42-4C47-865A-F70A628C4CBE}.Debug|iPhone.Deploy.0 = Debug|Any CPU
		{614C97E2-0C42-4C47-865A-F70A628C4CBE}.Debug|iPhoneSimulator.ActiveCfg = Debug|Any CPU
		{614C97E2-0C42-4C47-865A-F70A628C4CBE}.Debug|iPhoneSimulator.Build.0 = Debug|Any CPU
		{614C97E2-0C42-4C47-865A-F70A628C4CBE}.Debug|iPhoneSimulator.Deploy.0 = Debug|Any CPU
		{614C97E2-0C42-4C47-865A-F70A628C4CBE}.Debug|x64.ActiveCfg = Debug|Any CPU
		{614C97E2-0C42-4C47-865A-F70A628C4CBE}.Debug|x64.Build.0 = Debug|Any CPU
		{614C97E2-0C42-4C47-865A-F70A628C4CBE}.Debug|x64.Deploy.0 = Debug|Any CPU
		{614C97E2-0C42-4C47-865A-F70A628C4CBE}.Debug|x86.ActiveCfg = Debug|Any CPU
		{614C97E2-0C42-4C47-865A-F70A628C4CBE}.Debug|x86.Build.0 = Debug|Any CPU
		{614C97E2-0C42-4C47-865A-F70A628C4CBE}.Debug|x86.Deploy.0 = Debug|Any CPU
		{614C97E2-0C42-4C47-865A-F70A628C4CBE}.Release|Any CPU.ActiveCfg = Release|Any CPU
		{614C97E2-0C42-4C47-865A-F70A628C4CBE}.Release|Any CPU.Build.0 = Release|Any CPU
		{614C97E2-0C42-4C47-865A-F70A628C4CBE}.Release|Any CPU.Deploy.0 = Release|Any CPU
		{614C97E2-0C42-4C47-865A-F70A628C4CBE}.Release|ARM.ActiveCfg = Release|Any CPU
		{614C97E2-0C42-4C47-865A-F70A628C4CBE}.Release|ARM.Build.0 = Release|Any CPU
		{614C97E2-0C42-4C47-865A-F70A628C4CBE}.Release|ARM.Deploy.0 = Release|Any CPU
		{614C97E2-0C42-4C47-865A-F70A628C4CBE}.Release|iPhone.ActiveCfg = Release|Any CPU
		{614C97E2-0C42-4C47-865A-F70A628C4CBE}.Release|iPhone.Build.0 = Release|Any CPU
		{614C97E2-0C42-4C47-865A-F70A628C4CBE}.Release|iPhone.Deploy.0 = Release|Any CPU
		{614C97E2-0C42-4C47-865A-F70A628C4CBE}.Release|iPhoneSimulator.ActiveCfg = Release|Any CPU
		{614C97E2-0C42-4C47-865A-F70A628C4CBE}.Release|iPhoneSimulator.Build.0 = Release|Any CPU
		{614C97E2-0C42-4C47-865A-F70A628C4CBE}.Release|iPhoneSimulator.Deploy.0 = Release|Any CPU
		{614C97E2-0C42-4C47-865A-F70A628C4CBE}.Release|x64.ActiveCfg = Release|Any CPU
		{614C97E2-0C42-4C47-865A-F70A628C4CBE}.Release|x64.Build.0 = Release|Any CPU
		{614C97E2-0C42-4C47-865A-F70A628C4CBE}.Release|x64.Deploy.0 = Release|Any CPU
		{614C97E2-0C42-4C47-865A-F70A628C4CBE}.Release|x86.ActiveCfg = Release|Any CPU
		{614C97E2-0C42-4C47-865A-F70A628C4CBE}.Release|x86.Build.0 = Release|Any CPU
		{614C97E2-0C42-4C47-865A-F70A628C4CBE}.Release|x86.Deploy.0 = Release|Any CPU
		{E03BAF17-3058-44FA-BBFD-CC9A5693F7BD}.Ad-Hoc|Any CPU.ActiveCfg = Ad-Hoc|iPhone
		{E03BAF17-3058-44FA-BBFD-CC9A5693F7BD}.Ad-Hoc|ARM.ActiveCfg = Ad-Hoc|iPhone
		{E03BAF17-3058-44FA-BBFD-CC9A5693F7BD}.Ad-Hoc|iPhone.ActiveCfg = Ad-Hoc|iPhone
		{E03BAF17-3058-44FA-BBFD-CC9A5693F7BD}.Ad-Hoc|iPhone.Build.0 = Ad-Hoc|iPhone
		{E03BAF17-3058-44FA-BBFD-CC9A5693F7BD}.Ad-Hoc|iPhoneSimulator.ActiveCfg = Ad-Hoc|iPhoneSimulator
		{E03BAF17-3058-44FA-BBFD-CC9A5693F7BD}.Ad-Hoc|iPhoneSimulator.Build.0 = Ad-Hoc|iPhoneSimulator
		{E03BAF17-3058-44FA-BBFD-CC9A5693F7BD}.Ad-Hoc|x64.ActiveCfg = Ad-Hoc|iPhone
		{E03BAF17-3058-44FA-BBFD-CC9A5693F7BD}.Ad-Hoc|x86.ActiveCfg = Ad-Hoc|iPhone
		{E03BAF17-3058-44FA-BBFD-CC9A5693F7BD}.AppStore|Any CPU.ActiveCfg = AppStore|iPhone
		{E03BAF17-3058-44FA-BBFD-CC9A5693F7BD}.AppStore|ARM.ActiveCfg = AppStore|iPhone
		{E03BAF17-3058-44FA-BBFD-CC9A5693F7BD}.AppStore|iPhone.ActiveCfg = AppStore|iPhone
		{E03BAF17-3058-44FA-BBFD-CC9A5693F7BD}.AppStore|iPhone.Build.0 = AppStore|iPhone
		{E03BAF17-3058-44FA-BBFD-CC9A5693F7BD}.AppStore|iPhoneSimulator.ActiveCfg = AppStore|iPhoneSimulator
		{E03BAF17-3058-44FA-BBFD-CC9A5693F7BD}.AppStore|iPhoneSimulator.Build.0 = AppStore|iPhoneSimulator
		{E03BAF17-3058-44FA-BBFD-CC9A5693F7BD}.AppStore|x64.ActiveCfg = AppStore|iPhone
		{E03BAF17-3058-44FA-BBFD-CC9A5693F7BD}.AppStore|x86.ActiveCfg = AppStore|iPhone
		{E03BAF17-3058-44FA-BBFD-CC9A5693F7BD}.Debug|Any CPU.ActiveCfg = Debug|iPhone
		{E03BAF17-3058-44FA-BBFD-CC9A5693F7BD}.Debug|ARM.ActiveCfg = Debug|iPhone
		{E03BAF17-3058-44FA-BBFD-CC9A5693F7BD}.Debug|iPhone.ActiveCfg = Debug|iPhone
		{E03BAF17-3058-44FA-BBFD-CC9A5693F7BD}.Debug|iPhone.Build.0 = Debug|iPhone
		{E03BAF17-3058-44FA-BBFD-CC9A5693F7BD}.Debug|iPhoneSimulator.ActiveCfg = Debug|iPhoneSimulator
		{E03BAF17-3058-44FA-BBFD-CC9A5693F7BD}.Debug|iPhoneSimulator.Build.0 = Debug|iPhoneSimulator
		{E03BAF17-3058-44FA-BBFD-CC9A5693F7BD}.Debug|x64.ActiveCfg = Debug|iPhone
		{E03BAF17-3058-44FA-BBFD-CC9A5693F7BD}.Debug|x86.ActiveCfg = Debug|iPhone
		{E03BAF17-3058-44FA-BBFD-CC9A5693F7BD}.Release|Any CPU.ActiveCfg = Release|iPhone
		{E03BAF17-3058-44FA-BBFD-CC9A5693F7BD}.Release|ARM.ActiveCfg = Release|iPhone
		{E03BAF17-3058-44FA-BBFD-CC9A5693F7BD}.Release|iPhone.ActiveCfg = Release|iPhone
		{E03BAF17-3058-44FA-BBFD-CC9A5693F7BD}.Release|iPhone.Build.0 = Release|iPhone
		{E03BAF17-3058-44FA-BBFD-CC9A5693F7BD}.Release|iPhoneSimulator.ActiveCfg = Release|iPhoneSimulator
		{E03BAF17-3058-44FA-BBFD-CC9A5693F7BD}.Release|iPhoneSimulator.Build.0 = Release|iPhoneSimulator
		{E03BAF17-3058-44FA-BBFD-CC9A5693F7BD}.Release|x64.ActiveCfg = Release|iPhone
		{E03BAF17-3058-44FA-BBFD-CC9A5693F7BD}.Release|x86.ActiveCfg = Release|iPhone
		{054B61E1-62AB-459F-8834-D7D86D1B3551}.Ad-Hoc|Any CPU.ActiveCfg = Release|x86
		{054B61E1-62AB-459F-8834-D7D86D1B3551}.Ad-Hoc|Any CPU.Build.0 = Release|x86
		{054B61E1-62AB-459F-8834-D7D86D1B3551}.Ad-Hoc|Any CPU.Deploy.0 = Release|x86
		{054B61E1-62AB-459F-8834-D7D86D1B3551}.Ad-Hoc|ARM.ActiveCfg = Release|ARM
		{054B61E1-62AB-459F-8834-D7D86D1B3551}.Ad-Hoc|ARM.Build.0 = Release|ARM
		{054B61E1-62AB-459F-8834-D7D86D1B3551}.Ad-Hoc|ARM.Deploy.0 = Release|ARM
		{054B61E1-62AB-459F-8834-D7D86D1B3551}.Ad-Hoc|iPhone.ActiveCfg = Release|x86
		{054B61E1-62AB-459F-8834-D7D86D1B3551}.Ad-Hoc|iPhone.Build.0 = Release|x86
		{054B61E1-62AB-459F-8834-D7D86D1B3551}.Ad-Hoc|iPhone.Deploy.0 = Release|x86
		{054B61E1-62AB-459F-8834-D7D86D1B3551}.Ad-Hoc|iPhoneSimulator.ActiveCfg = Release|x86
		{054B61E1-62AB-459F-8834-D7D86D1B3551}.Ad-Hoc|iPhoneSimulator.Build.0 = Release|x86
		{054B61E1-62AB-459F-8834-D7D86D1B3551}.Ad-Hoc|iPhoneSimulator.Deploy.0 = Release|x86
		{054B61E1-62AB-459F-8834-D7D86D1B3551}.Ad-Hoc|x64.ActiveCfg = Release|x64
		{054B61E1-62AB-459F-8834-D7D86D1B3551}.Ad-Hoc|x64.Build.0 = Release|x64
		{054B61E1-62AB-459F-8834-D7D86D1B3551}.Ad-Hoc|x64.Deploy.0 = Release|x64
		{054B61E1-62AB-459F-8834-D7D86D1B3551}.Ad-Hoc|x86.ActiveCfg = Release|x86
		{054B61E1-62AB-459F-8834-D7D86D1B3551}.Ad-Hoc|x86.Build.0 = Release|x86
		{054B61E1-62AB-459F-8834-D7D86D1B3551}.Ad-Hoc|x86.Deploy.0 = Release|x86
		{054B61E1-62AB-459F-8834-D7D86D1B3551}.AppStore|Any CPU.ActiveCfg = Release|x86
		{054B61E1-62AB-459F-8834-D7D86D1B3551}.AppStore|Any CPU.Build.0 = Release|x86
		{054B61E1-62AB-459F-8834-D7D86D1B3551}.AppStore|Any CPU.Deploy.0 = Release|x86
		{054B61E1-62AB-459F-8834-D7D86D1B3551}.AppStore|ARM.ActiveCfg = Release|ARM
		{054B61E1-62AB-459F-8834-D7D86D1B3551}.AppStore|ARM.Build.0 = Release|ARM
		{054B61E1-62AB-459F-8834-D7D86D1B3551}.AppStore|ARM.Deploy.0 = Release|ARM
		{054B61E1-62AB-459F-8834-D7D86D1B3551}.AppStore|iPhone.ActiveCfg = Release|x86
		{054B61E1-62AB-459F-8834-D7D86D1B3551}.AppStore|iPhone.Build.0 = Release|x86
		{054B61E1-62AB-459F-8834-D7D86D1B3551}.AppStore|iPhone.Deploy.0 = Release|x86
		{054B61E1-62AB-459F-8834-D7D86D1B3551}.AppStore|iPhoneSimulator.ActiveCfg = Release|x86
		{054B61E1-62AB-459F-8834-D7D86D1B3551}.AppStore|iPhoneSimulator.Build.0 = Release|x86
		{054B61E1-62AB-459F-8834-D7D86D1B3551}.AppStore|iPhoneSimulator.Deploy.0 = Release|x86
		{054B61E1-62AB-459F-8834-D7D86D1B3551}.AppStore|x64.ActiveCfg = Release|x64
		{054B61E1-62AB-459F-8834-D7D86D1B3551}.AppStore|x64.Build.0 = Release|x64
		{054B61E1-62AB-459F-8834-D7D86D1B3551}.AppStore|x64.Deploy.0 = Release|x64
		{054B61E1-62AB-459F-8834-D7D86D1B3551}.AppStore|x86.ActiveCfg = Release|x86
		{054B61E1-62AB-459F-8834-D7D86D1B3551}.AppStore|x86.Build.0 = Release|x86
		{054B61E1-62AB-459F-8834-D7D86D1B3551}.AppStore|x86.Deploy.0 = Release|x86
		{054B61E1-62AB-459F-8834-D7D86D1B3551}.Debug|Any CPU.ActiveCfg = Debug|x86
		{054B61E1-62AB-459F-8834-D7D86D1B3551}.Debug|Any CPU.Build.0 = Debug|x86
		{054B61E1-62AB-459F-8834-D7D86D1B3551}.Debug|Any CPU.Deploy.0 = Debug|x86
		{054B61E1-62AB-459F-8834-D7D86D1B3551}.Debug|ARM.ActiveCfg = Debug|ARM
		{054B61E1-62AB-459F-8834-D7D86D1B3551}.Debug|ARM.Build.0 = Debug|ARM
		{054B61E1-62AB-459F-8834-D7D86D1B3551}.Debug|ARM.Deploy.0 = Debug|ARM
		{054B61E1-62AB-459F-8834-D7D86D1B3551}.Debug|iPhone.ActiveCfg = Debug|x86
		{054B61E1-62AB-459F-8834-D7D86D1B3551}.Debug|iPhoneSimulator.ActiveCfg = Debug|x86
		{054B61E1-62AB-459F-8834-D7D86D1B3551}.Debug|x64.ActiveCfg = Debug|x64
		{054B61E1-62AB-459F-8834-D7D86D1B3551}.Debug|x64.Build.0 = Debug|x64
		{054B61E1-62AB-459F-8834-D7D86D1B3551}.Debug|x64.Deploy.0 = Debug|x64
		{054B61E1-62AB-459F-8834-D7D86D1B3551}.Debug|x86.ActiveCfg = Debug|x86
		{054B61E1-62AB-459F-8834-D7D86D1B3551}.Debug|x86.Build.0 = Debug|x86
		{054B61E1-62AB-459F-8834-D7D86D1B3551}.Debug|x86.Deploy.0 = Debug|x86
		{054B61E1-62AB-459F-8834-D7D86D1B3551}.Release|Any CPU.ActiveCfg = Release|x86
		{054B61E1-62AB-459F-8834-D7D86D1B3551}.Release|ARM.ActiveCfg = Release|ARM
		{054B61E1-62AB-459F-8834-D7D86D1B3551}.Release|ARM.Build.0 = Release|ARM
		{054B61E1-62AB-459F-8834-D7D86D1B3551}.Release|ARM.Deploy.0 = Release|ARM
		{054B61E1-62AB-459F-8834-D7D86D1B3551}.Release|iPhone.ActiveCfg = Release|x86
		{054B61E1-62AB-459F-8834-D7D86D1B3551}.Release|iPhoneSimulator.ActiveCfg = Release|x86
		{054B61E1-62AB-459F-8834-D7D86D1B3551}.Release|x64.ActiveCfg = Release|x64
		{054B61E1-62AB-459F-8834-D7D86D1B3551}.Release|x64.Build.0 = Release|x64
		{054B61E1-62AB-459F-8834-D7D86D1B3551}.Release|x64.Deploy.0 = Release|x64
		{054B61E1-62AB-459F-8834-D7D86D1B3551}.Release|x86.ActiveCfg = Release|x86
		{054B61E1-62AB-459F-8834-D7D86D1B3551}.Release|x86.Build.0 = Release|x86
		{054B61E1-62AB-459F-8834-D7D86D1B3551}.Release|x86.Deploy.0 = Release|x86
		{4F16DF7F-242C-41A7-AE70-6E20B627F4E0}.Ad-Hoc|Any CPU.ActiveCfg = Release|Any CPU
		{4F16DF7F-242C-41A7-AE70-6E20B627F4E0}.Ad-Hoc|Any CPU.Build.0 = Release|Any CPU
		{4F16DF7F-242C-41A7-AE70-6E20B627F4E0}.Ad-Hoc|ARM.ActiveCfg = Release|Any CPU
		{4F16DF7F-242C-41A7-AE70-6E20B627F4E0}.Ad-Hoc|ARM.Build.0 = Release|Any CPU
		{4F16DF7F-242C-41A7-AE70-6E20B627F4E0}.Ad-Hoc|iPhone.ActiveCfg = Release|Any CPU
		{4F16DF7F-242C-41A7-AE70-6E20B627F4E0}.Ad-Hoc|iPhone.Build.0 = Release|Any CPU
		{4F16DF7F-242C-41A7-AE70-6E20B627F4E0}.Ad-Hoc|iPhoneSimulator.ActiveCfg = Release|Any CPU
		{4F16DF7F-242C-41A7-AE70-6E20B627F4E0}.Ad-Hoc|iPhoneSimulator.Build.0 = Release|Any CPU
		{4F16DF7F-242C-41A7-AE70-6E20B627F4E0}.Ad-Hoc|x64.ActiveCfg = Release|Any CPU
		{4F16DF7F-242C-41A7-AE70-6E20B627F4E0}.Ad-Hoc|x64.Build.0 = Release|Any CPU
		{4F16DF7F-242C-41A7-AE70-6E20B627F4E0}.Ad-Hoc|x86.ActiveCfg = Release|Any CPU
		{4F16DF7F-242C-41A7-AE70-6E20B627F4E0}.Ad-Hoc|x86.Build.0 = Release|Any CPU
		{4F16DF7F-242C-41A7-AE70-6E20B627F4E0}.AppStore|Any CPU.ActiveCfg = Release|Any CPU
		{4F16DF7F-242C-41A7-AE70-6E20B627F4E0}.AppStore|Any CPU.Build.0 = Release|Any CPU
		{4F16DF7F-242C-41A7-AE70-6E20B627F4E0}.AppStore|ARM.ActiveCfg = Release|Any CPU
		{4F16DF7F-242C-41A7-AE70-6E20B627F4E0}.AppStore|ARM.Build.0 = Release|Any CPU
		{4F16DF7F-242C-41A7-AE70-6E20B627F4E0}.AppStore|iPhone.ActiveCfg = Release|Any CPU
		{4F16DF7F-242C-41A7-AE70-6E20B627F4E0}.AppStore|iPhone.Build.0 = Release|Any CPU
		{4F16DF7F-242C-41A7-AE70-6E20B627F4E0}.AppStore|iPhoneSimulator.ActiveCfg = Release|Any CPU
		{4F16DF7F-242C-41A7-AE70-6E20B627F4E0}.AppStore|iPhoneSimulator.Build.0 = Release|Any CPU
		{4F16DF7F-242C-41A7-AE70-6E20B627F4E0}.AppStore|x64.ActiveCfg = Release|Any CPU
		{4F16DF7F-242C-41A7-AE70-6E20B627F4E0}.AppStore|x64.Build.0 = Release|Any CPU
		{4F16DF7F-242C-41A7-AE70-6E20B627F4E0}.AppStore|x86.ActiveCfg = Release|Any CPU
		{4F16DF7F-242C-41A7-AE70-6E20B627F4E0}.AppStore|x86.Build.0 = Release|Any CPU
		{4F16DF7F-242C-41A7-AE70-6E20B627F4E0}.Debug|Any CPU.ActiveCfg = Debug|Any CPU
		{4F16DF7F-242C-41A7-AE70-6E20B627F4E0}.Debug|Any CPU.Build.0 = Debug|Any CPU
		{4F16DF7F-242C-41A7-AE70-6E20B627F4E0}.Debug|ARM.ActiveCfg = Debug|Any CPU
		{4F16DF7F-242C-41A7-AE70-6E20B627F4E0}.Debug|ARM.Build.0 = Debug|Any CPU
		{4F16DF7F-242C-41A7-AE70-6E20B627F4E0}.Debug|iPhone.ActiveCfg = Debug|Any CPU
		{4F16DF7F-242C-41A7-AE70-6E20B627F4E0}.Debug|iPhone.Build.0 = Debug|Any CPU
		{4F16DF7F-242C-41A7-AE70-6E20B627F4E0}.Debug|iPhoneSimulator.ActiveCfg = Debug|Any CPU
		{4F16DF7F-242C-41A7-AE70-6E20B627F4E0}.Debug|iPhoneSimulator.Build.0 = Debug|Any CPU
		{4F16DF7F-242C-41A7-AE70-6E20B627F4E0}.Debug|x64.ActiveCfg = Debug|Any CPU
		{4F16DF7F-242C-41A7-AE70-6E20B627F4E0}.Debug|x64.Build.0 = Debug|Any CPU
		{4F16DF7F-242C-41A7-AE70-6E20B627F4E0}.Debug|x86.ActiveCfg = Debug|Any CPU
		{4F16DF7F-242C-41A7-AE70-6E20B627F4E0}.Debug|x86.Build.0 = Debug|Any CPU
		{4F16DF7F-242C-41A7-AE70-6E20B627F4E0}.Release|Any CPU.ActiveCfg = Release|Any CPU
		{4F16DF7F-242C-41A7-AE70-6E20B627F4E0}.Release|Any CPU.Build.0 = Release|Any CPU
		{4F16DF7F-242C-41A7-AE70-6E20B627F4E0}.Release|ARM.ActiveCfg = Release|Any CPU
		{4F16DF7F-242C-41A7-AE70-6E20B627F4E0}.Release|ARM.Build.0 = Release|Any CPU
		{4F16DF7F-242C-41A7-AE70-6E20B627F4E0}.Release|iPhone.ActiveCfg = Release|Any CPU
		{4F16DF7F-242C-41A7-AE70-6E20B627F4E0}.Release|iPhone.Build.0 = Release|Any CPU
		{4F16DF7F-242C-41A7-AE70-6E20B627F4E0}.Release|iPhoneSimulator.ActiveCfg = Release|Any CPU
		{4F16DF7F-242C-41A7-AE70-6E20B627F4E0}.Release|iPhoneSimulator.Build.0 = Release|Any CPU
		{4F16DF7F-242C-41A7-AE70-6E20B627F4E0}.Release|x64.ActiveCfg = Release|Any CPU
		{4F16DF7F-242C-41A7-AE70-6E20B627F4E0}.Release|x64.Build.0 = Release|Any CPU
		{4F16DF7F-242C-41A7-AE70-6E20B627F4E0}.Release|x86.ActiveCfg = Release|Any CPU
		{4F16DF7F-242C-41A7-AE70-6E20B627F4E0}.Release|x86.Build.0 = Release|Any CPU
		{6ACD98BA-91DE-4A5C-BB3E-C15B405C8EC9}.Ad-Hoc|Any CPU.ActiveCfg = Release|Any CPU
		{6ACD98BA-91DE-4A5C-BB3E-C15B405C8EC9}.Ad-Hoc|Any CPU.Build.0 = Release|Any CPU
		{6ACD98BA-91DE-4A5C-BB3E-C15B405C8EC9}.Ad-Hoc|ARM.ActiveCfg = Release|Any CPU
		{6ACD98BA-91DE-4A5C-BB3E-C15B405C8EC9}.Ad-Hoc|ARM.Build.0 = Release|Any CPU
		{6ACD98BA-91DE-4A5C-BB3E-C15B405C8EC9}.Ad-Hoc|iPhone.ActiveCfg = Release|Any CPU
		{6ACD98BA-91DE-4A5C-BB3E-C15B405C8EC9}.Ad-Hoc|iPhone.Build.0 = Release|Any CPU
		{6ACD98BA-91DE-4A5C-BB3E-C15B405C8EC9}.Ad-Hoc|iPhoneSimulator.ActiveCfg = Release|Any CPU
		{6ACD98BA-91DE-4A5C-BB3E-C15B405C8EC9}.Ad-Hoc|iPhoneSimulator.Build.0 = Release|Any CPU
		{6ACD98BA-91DE-4A5C-BB3E-C15B405C8EC9}.Ad-Hoc|x64.ActiveCfg = Release|Any CPU
		{6ACD98BA-91DE-4A5C-BB3E-C15B405C8EC9}.Ad-Hoc|x64.Build.0 = Release|Any CPU
		{6ACD98BA-91DE-4A5C-BB3E-C15B405C8EC9}.Ad-Hoc|x86.ActiveCfg = Release|Any CPU
		{6ACD98BA-91DE-4A5C-BB3E-C15B405C8EC9}.Ad-Hoc|x86.Build.0 = Release|Any CPU
		{6ACD98BA-91DE-4A5C-BB3E-C15B405C8EC9}.AppStore|Any CPU.ActiveCfg = Release|Any CPU
		{6ACD98BA-91DE-4A5C-BB3E-C15B405C8EC9}.AppStore|Any CPU.Build.0 = Release|Any CPU
		{6ACD98BA-91DE-4A5C-BB3E-C15B405C8EC9}.AppStore|ARM.ActiveCfg = Release|Any CPU
		{6ACD98BA-91DE-4A5C-BB3E-C15B405C8EC9}.AppStore|ARM.Build.0 = Release|Any CPU
		{6ACD98BA-91DE-4A5C-BB3E-C15B405C8EC9}.AppStore|iPhone.ActiveCfg = Release|Any CPU
		{6ACD98BA-91DE-4A5C-BB3E-C15B405C8EC9}.AppStore|iPhone.Build.0 = Release|Any CPU
		{6ACD98BA-91DE-4A5C-BB3E-C15B405C8EC9}.AppStore|iPhoneSimulator.ActiveCfg = Release|Any CPU
		{6ACD98BA-91DE-4A5C-BB3E-C15B405C8EC9}.AppStore|iPhoneSimulator.Build.0 = Release|Any CPU
		{6ACD98BA-91DE-4A5C-BB3E-C15B405C8EC9}.AppStore|x64.ActiveCfg = Release|Any CPU
		{6ACD98BA-91DE-4A5C-BB3E-C15B405C8EC9}.AppStore|x64.Build.0 = Release|Any CPU
		{6ACD98BA-91DE-4A5C-BB3E-C15B405C8EC9}.AppStore|x86.ActiveCfg = Release|Any CPU
		{6ACD98BA-91DE-4A5C-BB3E-C15B405C8EC9}.AppStore|x86.Build.0 = Release|Any CPU
		{6ACD98BA-91DE-4A5C-BB3E-C15B405C8EC9}.Debug|Any CPU.ActiveCfg = Debug|Any CPU
		{6ACD98BA-91DE-4A5C-BB3E-C15B405C8EC9}.Debug|Any CPU.Build.0 = Debug|Any CPU
		{6ACD98BA-91DE-4A5C-BB3E-C15B405C8EC9}.Debug|ARM.ActiveCfg = Debug|Any CPU
		{6ACD98BA-91DE-4A5C-BB3E-C15B405C8EC9}.Debug|ARM.Build.0 = Debug|Any CPU
		{6ACD98BA-91DE-4A5C-BB3E-C15B405C8EC9}.Debug|iPhone.ActiveCfg = Debug|Any CPU
		{6ACD98BA-91DE-4A5C-BB3E-C15B405C8EC9}.Debug|iPhone.Build.0 = Debug|Any CPU
		{6ACD98BA-91DE-4A5C-BB3E-C15B405C8EC9}.Debug|iPhoneSimulator.ActiveCfg = Debug|Any CPU
		{6ACD98BA-91DE-4A5C-BB3E-C15B405C8EC9}.Debug|iPhoneSimulator.Build.0 = Debug|Any CPU
		{6ACD98BA-91DE-4A5C-BB3E-C15B405C8EC9}.Debug|x64.ActiveCfg = Debug|Any CPU
		{6ACD98BA-91DE-4A5C-BB3E-C15B405C8EC9}.Debug|x64.Build.0 = Debug|Any CPU
		{6ACD98BA-91DE-4A5C-BB3E-C15B405C8EC9}.Debug|x86.ActiveCfg = Debug|Any CPU
		{6ACD98BA-91DE-4A5C-BB3E-C15B405C8EC9}.Debug|x86.Build.0 = Debug|Any CPU
		{6ACD98BA-91DE-4A5C-BB3E-C15B405C8EC9}.Release|Any CPU.ActiveCfg = Release|Any CPU
		{6ACD98BA-91DE-4A5C-BB3E-C15B405C8EC9}.Release|Any CPU.Build.0 = Release|Any CPU
		{6ACD98BA-91DE-4A5C-BB3E-C15B405C8EC9}.Release|ARM.ActiveCfg = Release|Any CPU
		{6ACD98BA-91DE-4A5C-BB3E-C15B405C8EC9}.Release|ARM.Build.0 = Release|Any CPU
		{6ACD98BA-91DE-4A5C-BB3E-C15B405C8EC9}.Release|iPhone.ActiveCfg = Release|Any CPU
		{6ACD98BA-91DE-4A5C-BB3E-C15B405C8EC9}.Release|iPhone.Build.0 = Release|Any CPU
		{6ACD98BA-91DE-4A5C-BB3E-C15B405C8EC9}.Release|iPhoneSimulator.ActiveCfg = Release|Any CPU
		{6ACD98BA-91DE-4A5C-BB3E-C15B405C8EC9}.Release|iPhoneSimulator.Build.0 = Release|Any CPU
		{6ACD98BA-91DE-4A5C-BB3E-C15B405C8EC9}.Release|x64.ActiveCfg = Release|Any CPU
		{6ACD98BA-91DE-4A5C-BB3E-C15B405C8EC9}.Release|x64.Build.0 = Release|Any CPU
		{6ACD98BA-91DE-4A5C-BB3E-C15B405C8EC9}.Release|x86.ActiveCfg = Release|Any CPU
		{6ACD98BA-91DE-4A5C-BB3E-C15B405C8EC9}.Release|x86.Build.0 = Release|Any CPU
		{AA5B144E-D159-4F59-B30F-3E8CC2E54839}.Ad-Hoc|Any CPU.ActiveCfg = Release|Any CPU
		{AA5B144E-D159-4F59-B30F-3E8CC2E54839}.Ad-Hoc|Any CPU.Build.0 = Release|Any CPU
		{AA5B144E-D159-4F59-B30F-3E8CC2E54839}.Ad-Hoc|ARM.ActiveCfg = Release|Any CPU
		{AA5B144E-D159-4F59-B30F-3E8CC2E54839}.Ad-Hoc|ARM.Build.0 = Release|Any CPU
		{AA5B144E-D159-4F59-B30F-3E8CC2E54839}.Ad-Hoc|iPhone.ActiveCfg = Release|Any CPU
		{AA5B144E-D159-4F59-B30F-3E8CC2E54839}.Ad-Hoc|iPhone.Build.0 = Release|Any CPU
		{AA5B144E-D159-4F59-B30F-3E8CC2E54839}.Ad-Hoc|iPhoneSimulator.ActiveCfg = Release|Any CPU
		{AA5B144E-D159-4F59-B30F-3E8CC2E54839}.Ad-Hoc|iPhoneSimulator.Build.0 = Release|Any CPU
		{AA5B144E-D159-4F59-B30F-3E8CC2E54839}.Ad-Hoc|x64.ActiveCfg = Release|Any CPU
		{AA5B144E-D159-4F59-B30F-3E8CC2E54839}.Ad-Hoc|x64.Build.0 = Release|Any CPU
		{AA5B144E-D159-4F59-B30F-3E8CC2E54839}.Ad-Hoc|x86.ActiveCfg = Release|Any CPU
		{AA5B144E-D159-4F59-B30F-3E8CC2E54839}.Ad-Hoc|x86.Build.0 = Release|Any CPU
		{AA5B144E-D159-4F59-B30F-3E8CC2E54839}.AppStore|Any CPU.ActiveCfg = Release|Any CPU
		{AA5B144E-D159-4F59-B30F-3E8CC2E54839}.AppStore|Any CPU.Build.0 = Release|Any CPU
		{AA5B144E-D159-4F59-B30F-3E8CC2E54839}.AppStore|ARM.ActiveCfg = Release|Any CPU
		{AA5B144E-D159-4F59-B30F-3E8CC2E54839}.AppStore|ARM.Build.0 = Release|Any CPU
		{AA5B144E-D159-4F59-B30F-3E8CC2E54839}.AppStore|iPhone.ActiveCfg = Release|Any CPU
		{AA5B144E-D159-4F59-B30F-3E8CC2E54839}.AppStore|iPhone.Build.0 = Release|Any CPU
		{AA5B144E-D159-4F59-B30F-3E8CC2E54839}.AppStore|iPhoneSimulator.ActiveCfg = Release|Any CPU
		{AA5B144E-D159-4F59-B30F-3E8CC2E54839}.AppStore|iPhoneSimulator.Build.0 = Release|Any CPU
		{AA5B144E-D159-4F59-B30F-3E8CC2E54839}.AppStore|x64.ActiveCfg = Release|Any CPU
		{AA5B144E-D159-4F59-B30F-3E8CC2E54839}.AppStore|x64.Build.0 = Release|Any CPU
		{AA5B144E-D159-4F59-B30F-3E8CC2E54839}.AppStore|x86.ActiveCfg = Release|Any CPU
		{AA5B144E-D159-4F59-B30F-3E8CC2E54839}.AppStore|x86.Build.0 = Release|Any CPU
		{AA5B144E-D159-4F59-B30F-3E8CC2E54839}.Debug|Any CPU.ActiveCfg = Debug|Any CPU
		{AA5B144E-D159-4F59-B30F-3E8CC2E54839}.Debug|Any CPU.Build.0 = Debug|Any CPU
		{AA5B144E-D159-4F59-B30F-3E8CC2E54839}.Debug|ARM.ActiveCfg = Debug|Any CPU
		{AA5B144E-D159-4F59-B30F-3E8CC2E54839}.Debug|ARM.Build.0 = Debug|Any CPU
		{AA5B144E-D159-4F59-B30F-3E8CC2E54839}.Debug|iPhone.ActiveCfg = Debug|Any CPU
		{AA5B144E-D159-4F59-B30F-3E8CC2E54839}.Debug|iPhone.Build.0 = Debug|Any CPU
		{AA5B144E-D159-4F59-B30F-3E8CC2E54839}.Debug|iPhoneSimulator.ActiveCfg = Debug|Any CPU
		{AA5B144E-D159-4F59-B30F-3E8CC2E54839}.Debug|iPhoneSimulator.Build.0 = Debug|Any CPU
		{AA5B144E-D159-4F59-B30F-3E8CC2E54839}.Debug|x64.ActiveCfg = Debug|Any CPU
		{AA5B144E-D159-4F59-B30F-3E8CC2E54839}.Debug|x64.Build.0 = Debug|Any CPU
		{AA5B144E-D159-4F59-B30F-3E8CC2E54839}.Debug|x86.ActiveCfg = Debug|Any CPU
		{AA5B144E-D159-4F59-B30F-3E8CC2E54839}.Debug|x86.Build.0 = Debug|Any CPU
		{AA5B144E-D159-4F59-B30F-3E8CC2E54839}.Release|Any CPU.ActiveCfg = Release|Any CPU
		{AA5B144E-D159-4F59-B30F-3E8CC2E54839}.Release|Any CPU.Build.0 = Release|Any CPU
		{AA5B144E-D159-4F59-B30F-3E8CC2E54839}.Release|ARM.ActiveCfg = Release|Any CPU
		{AA5B144E-D159-4F59-B30F-3E8CC2E54839}.Release|ARM.Build.0 = Release|Any CPU
		{AA5B144E-D159-4F59-B30F-3E8CC2E54839}.Release|iPhone.ActiveCfg = Release|Any CPU
		{AA5B144E-D159-4F59-B30F-3E8CC2E54839}.Release|iPhone.Build.0 = Release|Any CPU
		{AA5B144E-D159-4F59-B30F-3E8CC2E54839}.Release|iPhoneSimulator.ActiveCfg = Release|Any CPU
		{AA5B144E-D159-4F59-B30F-3E8CC2E54839}.Release|iPhoneSimulator.Build.0 = Release|Any CPU
		{AA5B144E-D159-4F59-B30F-3E8CC2E54839}.Release|x64.ActiveCfg = Release|Any CPU
		{AA5B144E-D159-4F59-B30F-3E8CC2E54839}.Release|x64.Build.0 = Release|Any CPU
		{AA5B144E-D159-4F59-B30F-3E8CC2E54839}.Release|x86.ActiveCfg = Release|Any CPU
		{AA5B144E-D159-4F59-B30F-3E8CC2E54839}.Release|x86.Build.0 = Release|Any CPU
		{08419FBE-D5ED-4EBD-BF4B-6861923BA4DE}.Ad-Hoc|Any CPU.ActiveCfg = Release|Any CPU
		{08419FBE-D5ED-4EBD-BF4B-6861923BA4DE}.Ad-Hoc|Any CPU.Build.0 = Release|Any CPU
		{08419FBE-D5ED-4EBD-BF4B-6861923BA4DE}.Ad-Hoc|ARM.ActiveCfg = Release|ARM
		{08419FBE-D5ED-4EBD-BF4B-6861923BA4DE}.Ad-Hoc|ARM.Build.0 = Release|ARM
		{08419FBE-D5ED-4EBD-BF4B-6861923BA4DE}.Ad-Hoc|iPhone.ActiveCfg = Release|Any CPU
		{08419FBE-D5ED-4EBD-BF4B-6861923BA4DE}.Ad-Hoc|iPhone.Build.0 = Release|Any CPU
		{08419FBE-D5ED-4EBD-BF4B-6861923BA4DE}.Ad-Hoc|iPhoneSimulator.ActiveCfg = Release|Any CPU
		{08419FBE-D5ED-4EBD-BF4B-6861923BA4DE}.Ad-Hoc|iPhoneSimulator.Build.0 = Release|Any CPU
		{08419FBE-D5ED-4EBD-BF4B-6861923BA4DE}.Ad-Hoc|x64.ActiveCfg = Release|x64
		{08419FBE-D5ED-4EBD-BF4B-6861923BA4DE}.Ad-Hoc|x64.Build.0 = Release|x64
		{08419FBE-D5ED-4EBD-BF4B-6861923BA4DE}.Ad-Hoc|x86.ActiveCfg = Release|x86
		{08419FBE-D5ED-4EBD-BF4B-6861923BA4DE}.Ad-Hoc|x86.Build.0 = Release|x86
		{08419FBE-D5ED-4EBD-BF4B-6861923BA4DE}.AppStore|Any CPU.ActiveCfg = Release|Any CPU
		{08419FBE-D5ED-4EBD-BF4B-6861923BA4DE}.AppStore|Any CPU.Build.0 = Release|Any CPU
		{08419FBE-D5ED-4EBD-BF4B-6861923BA4DE}.AppStore|ARM.ActiveCfg = Release|ARM
		{08419FBE-D5ED-4EBD-BF4B-6861923BA4DE}.AppStore|ARM.Build.0 = Release|ARM
		{08419FBE-D5ED-4EBD-BF4B-6861923BA4DE}.AppStore|iPhone.ActiveCfg = Release|Any CPU
		{08419FBE-D5ED-4EBD-BF4B-6861923BA4DE}.AppStore|iPhone.Build.0 = Release|Any CPU
		{08419FBE-D5ED-4EBD-BF4B-6861923BA4DE}.AppStore|iPhoneSimulator.ActiveCfg = Release|Any CPU
		{08419FBE-D5ED-4EBD-BF4B-6861923BA4DE}.AppStore|iPhoneSimulator.Build.0 = Release|Any CPU
		{08419FBE-D5ED-4EBD-BF4B-6861923BA4DE}.AppStore|x64.ActiveCfg = Release|x64
		{08419FBE-D5ED-4EBD-BF4B-6861923BA4DE}.AppStore|x64.Build.0 = Release|x64
		{08419FBE-D5ED-4EBD-BF4B-6861923BA4DE}.AppStore|x86.ActiveCfg = Release|x86
		{08419FBE-D5ED-4EBD-BF4B-6861923BA4DE}.AppStore|x86.Build.0 = Release|x86
		{08419FBE-D5ED-4EBD-BF4B-6861923BA4DE}.Debug|Any CPU.ActiveCfg = Debug|Any CPU
		{08419FBE-D5ED-4EBD-BF4B-6861923BA4DE}.Debug|Any CPU.Build.0 = Debug|Any CPU
		{08419FBE-D5ED-4EBD-BF4B-6861923BA4DE}.Debug|ARM.ActiveCfg = Debug|ARM
		{08419FBE-D5ED-4EBD-BF4B-6861923BA4DE}.Debug|ARM.Build.0 = Debug|ARM
		{08419FBE-D5ED-4EBD-BF4B-6861923BA4DE}.Debug|iPhone.ActiveCfg = Debug|Any CPU
		{08419FBE-D5ED-4EBD-BF4B-6861923BA4DE}.Debug|iPhone.Build.0 = Debug|Any CPU
		{08419FBE-D5ED-4EBD-BF4B-6861923BA4DE}.Debug|iPhoneSimulator.ActiveCfg = Debug|Any CPU
		{08419FBE-D5ED-4EBD-BF4B-6861923BA4DE}.Debug|iPhoneSimulator.Build.0 = Debug|Any CPU
		{08419FBE-D5ED-4EBD-BF4B-6861923BA4DE}.Debug|x64.ActiveCfg = Debug|x64
		{08419FBE-D5ED-4EBD-BF4B-6861923BA4DE}.Debug|x64.Build.0 = Debug|x64
		{08419FBE-D5ED-4EBD-BF4B-6861923BA4DE}.Debug|x86.ActiveCfg = Debug|x86
		{08419FBE-D5ED-4EBD-BF4B-6861923BA4DE}.Debug|x86.Build.0 = Debug|x86
		{08419FBE-D5ED-4EBD-BF4B-6861923BA4DE}.Release|Any CPU.ActiveCfg = Release|Any CPU
		{08419FBE-D5ED-4EBD-BF4B-6861923BA4DE}.Release|Any CPU.Build.0 = Release|Any CPU
		{08419FBE-D5ED-4EBD-BF4B-6861923BA4DE}.Release|ARM.ActiveCfg = Release|ARM
		{08419FBE-D5ED-4EBD-BF4B-6861923BA4DE}.Release|ARM.Build.0 = Release|ARM
		{08419FBE-D5ED-4EBD-BF4B-6861923BA4DE}.Release|iPhone.ActiveCfg = Release|Any CPU
		{08419FBE-D5ED-4EBD-BF4B-6861923BA4DE}.Release|iPhone.Build.0 = Release|Any CPU
		{08419FBE-D5ED-4EBD-BF4B-6861923BA4DE}.Release|iPhoneSimulator.ActiveCfg = Release|Any CPU
		{08419FBE-D5ED-4EBD-BF4B-6861923BA4DE}.Release|iPhoneSimulator.Build.0 = Release|Any CPU
		{08419FBE-D5ED-4EBD-BF4B-6861923BA4DE}.Release|x64.ActiveCfg = Release|x64
		{08419FBE-D5ED-4EBD-BF4B-6861923BA4DE}.Release|x64.Build.0 = Release|x64
		{08419FBE-D5ED-4EBD-BF4B-6861923BA4DE}.Release|x86.ActiveCfg = Release|x86
		{08419FBE-D5ED-4EBD-BF4B-6861923BA4DE}.Release|x86.Build.0 = Release|x86
		{67F9D3A8-F71E-4428-913F-C37AE82CDB24}.Ad-Hoc|Any CPU.ActiveCfg = Release|Any CPU
		{67F9D3A8-F71E-4428-913F-C37AE82CDB24}.Ad-Hoc|Any CPU.Build.0 = Release|Any CPU
		{67F9D3A8-F71E-4428-913F-C37AE82CDB24}.Ad-Hoc|ARM.ActiveCfg = Release|Any CPU
		{67F9D3A8-F71E-4428-913F-C37AE82CDB24}.Ad-Hoc|ARM.Build.0 = Release|Any CPU
		{67F9D3A8-F71E-4428-913F-C37AE82CDB24}.Ad-Hoc|iPhone.ActiveCfg = Release|Any CPU
		{67F9D3A8-F71E-4428-913F-C37AE82CDB24}.Ad-Hoc|iPhone.Build.0 = Release|Any CPU
		{67F9D3A8-F71E-4428-913F-C37AE82CDB24}.Ad-Hoc|iPhoneSimulator.ActiveCfg = Release|Any CPU
		{67F9D3A8-F71E-4428-913F-C37AE82CDB24}.Ad-Hoc|iPhoneSimulator.Build.0 = Release|Any CPU
		{67F9D3A8-F71E-4428-913F-C37AE82CDB24}.Ad-Hoc|x64.ActiveCfg = Release|Any CPU
		{67F9D3A8-F71E-4428-913F-C37AE82CDB24}.Ad-Hoc|x64.Build.0 = Release|Any CPU
		{67F9D3A8-F71E-4428-913F-C37AE82CDB24}.Ad-Hoc|x86.ActiveCfg = Release|Any CPU
		{67F9D3A8-F71E-4428-913F-C37AE82CDB24}.Ad-Hoc|x86.Build.0 = Release|Any CPU
		{67F9D3A8-F71E-4428-913F-C37AE82CDB24}.AppStore|Any CPU.ActiveCfg = Release|Any CPU
		{67F9D3A8-F71E-4428-913F-C37AE82CDB24}.AppStore|Any CPU.Build.0 = Release|Any CPU
		{67F9D3A8-F71E-4428-913F-C37AE82CDB24}.AppStore|ARM.ActiveCfg = Release|Any CPU
		{67F9D3A8-F71E-4428-913F-C37AE82CDB24}.AppStore|ARM.Build.0 = Release|Any CPU
		{67F9D3A8-F71E-4428-913F-C37AE82CDB24}.AppStore|iPhone.ActiveCfg = Release|Any CPU
		{67F9D3A8-F71E-4428-913F-C37AE82CDB24}.AppStore|iPhone.Build.0 = Release|Any CPU
		{67F9D3A8-F71E-4428-913F-C37AE82CDB24}.AppStore|iPhoneSimulator.ActiveCfg = Release|Any CPU
		{67F9D3A8-F71E-4428-913F-C37AE82CDB24}.AppStore|iPhoneSimulator.Build.0 = Release|Any CPU
		{67F9D3A8-F71E-4428-913F-C37AE82CDB24}.AppStore|x64.ActiveCfg = Release|Any CPU
		{67F9D3A8-F71E-4428-913F-C37AE82CDB24}.AppStore|x64.Build.0 = Release|Any CPU
		{67F9D3A8-F71E-4428-913F-C37AE82CDB24}.AppStore|x86.ActiveCfg = Release|Any CPU
		{67F9D3A8-F71E-4428-913F-C37AE82CDB24}.AppStore|x86.Build.0 = Release|Any CPU
		{67F9D3A8-F71E-4428-913F-C37AE82CDB24}.Debug|Any CPU.ActiveCfg = Debug|Any CPU
		{67F9D3A8-F71E-4428-913F-C37AE82CDB24}.Debug|Any CPU.Build.0 = Debug|Any CPU
		{67F9D3A8-F71E-4428-913F-C37AE82CDB24}.Debug|ARM.ActiveCfg = Debug|Any CPU
		{67F9D3A8-F71E-4428-913F-C37AE82CDB24}.Debug|ARM.Build.0 = Debug|Any CPU
		{67F9D3A8-F71E-4428-913F-C37AE82CDB24}.Debug|iPhone.ActiveCfg = Debug|Any CPU
		{67F9D3A8-F71E-4428-913F-C37AE82CDB24}.Debug|iPhone.Build.0 = Debug|Any CPU
		{67F9D3A8-F71E-4428-913F-C37AE82CDB24}.Debug|iPhoneSimulator.ActiveCfg = Debug|Any CPU
		{67F9D3A8-F71E-4428-913F-C37AE82CDB24}.Debug|iPhoneSimulator.Build.0 = Debug|Any CPU
		{67F9D3A8-F71E-4428-913F-C37AE82CDB24}.Debug|x64.ActiveCfg = Debug|Any CPU
		{67F9D3A8-F71E-4428-913F-C37AE82CDB24}.Debug|x64.Build.0 = Debug|Any CPU
		{67F9D3A8-F71E-4428-913F-C37AE82CDB24}.Debug|x86.ActiveCfg = Debug|Any CPU
		{67F9D3A8-F71E-4428-913F-C37AE82CDB24}.Debug|x86.Build.0 = Debug|Any CPU
		{67F9D3A8-F71E-4428-913F-C37AE82CDB24}.Release|Any CPU.ActiveCfg = Release|Any CPU
		{67F9D3A8-F71E-4428-913F-C37AE82CDB24}.Release|Any CPU.Build.0 = Release|Any CPU
		{67F9D3A8-F71E-4428-913F-C37AE82CDB24}.Release|ARM.ActiveCfg = Release|Any CPU
		{67F9D3A8-F71E-4428-913F-C37AE82CDB24}.Release|ARM.Build.0 = Release|Any CPU
		{67F9D3A8-F71E-4428-913F-C37AE82CDB24}.Release|iPhone.ActiveCfg = Release|Any CPU
		{67F9D3A8-F71E-4428-913F-C37AE82CDB24}.Release|iPhone.Build.0 = Release|Any CPU
		{67F9D3A8-F71E-4428-913F-C37AE82CDB24}.Release|iPhoneSimulator.ActiveCfg = Release|Any CPU
		{67F9D3A8-F71E-4428-913F-C37AE82CDB24}.Release|iPhoneSimulator.Build.0 = Release|Any CPU
		{67F9D3A8-F71E-4428-913F-C37AE82CDB24}.Release|x64.ActiveCfg = Release|Any CPU
		{67F9D3A8-F71E-4428-913F-C37AE82CDB24}.Release|x64.Build.0 = Release|Any CPU
		{67F9D3A8-F71E-4428-913F-C37AE82CDB24}.Release|x86.ActiveCfg = Release|Any CPU
		{67F9D3A8-F71E-4428-913F-C37AE82CDB24}.Release|x86.Build.0 = Release|Any CPU
	EndGlobalSection
	GlobalSection(SolutionProperties) = preSolution
		HideSolutionNode = FALSE
	EndGlobalSection
	GlobalSection(NestedProjects) = preSolution
		{A752C32F-8044-48FD-A157-FF8BC3FA2B50} = {60995CDB-D125-4B16-A88F-70C7AE2C4C74}
		{614C97E2-0C42-4C47-865A-F70A628C4CBE} = {60995CDB-D125-4B16-A88F-70C7AE2C4C74}
		{E03BAF17-3058-44FA-BBFD-CC9A5693F7BD} = {60995CDB-D125-4B16-A88F-70C7AE2C4C74}
		{054B61E1-62AB-459F-8834-D7D86D1B3551} = {60995CDB-D125-4B16-A88F-70C7AE2C4C74}
	EndGlobalSection
EndGlobal
